// !$*UTF8*$!
{
	archiveVersion = 1;
	classes = {
	};
	objectVersion = 46;
	objects = {

/* Begin PBXBuildFile section */
		04AD142A1D4E9D6F00489C7C /* AppDelegate.swift in Sources */ = {isa = PBXBuildFile; fileRef = 04AD14291D4E9D6F00489C7C /* AppDelegate.swift */; };
		04AD142F1D4E9D6F00489C7C /* Main.storyboard in Resources */ = {isa = PBXBuildFile; fileRef = 04AD142D1D4E9D6F00489C7C /* Main.storyboard */; };
		04AD14311D4E9D6F00489C7C /* Assets.xcassets in Resources */ = {isa = PBXBuildFile; fileRef = 04AD14301D4E9D6F00489C7C /* Assets.xcassets */; };
		04AD14341D4E9D6F00489C7C /* LaunchScreen.storyboard in Resources */ = {isa = PBXBuildFile; fileRef = 04AD14321D4E9D6F00489C7C /* LaunchScreen.storyboard */; };
		04AD143C1D4EB0C300489C7C /* FirstTableViewController.swift in Sources */ = {isa = PBXBuildFile; fileRef = 04AD143B1D4EB0C300489C7C /* FirstTableViewController.swift */; };
		04AD143E1D4EB35F00489C7C /* DetailsViewController.swift in Sources */ = {isa = PBXBuildFile; fileRef = 04AD143D1D4EB35F00489C7C /* DetailsViewController.swift */; };
/* End PBXBuildFile section */

/* Begin PBXFileReference section */
		04AD14261D4E9D6F00489C7C /* First-Table-Lesson.app */ = {isa = PBXFileReference; explicitFileType = wrapper.application; includeInIndex = 0; path = "First-Table-Lesson.app"; sourceTree = BUILT_PRODUCTS_DIR; };
		04AD14291D4E9D6F00489C7C /* AppDelegate.swift */ = {isa = PBXFileReference; lastKnownFileType = sourcecode.swift; path = AppDelegate.swift; sourceTree = "<group>"; };
		04AD142E1D4E9D6F00489C7C /* Base */ = {isa = PBXFileReference; lastKnownFileType = file.storyboard; name = Base; path = Base.lproj/Main.storyboard; sourceTree = "<group>"; };
		04AD14301D4E9D6F00489C7C /* Assets.xcassets */ = {isa = PBXFileReference; lastKnownFileType = folder.assetcatalog; path = Assets.xcassets; sourceTree = "<group>"; };
		04AD14331D4E9D6F00489C7C /* Base */ = {isa = PBXFileReference; lastKnownFileType = file.storyboard; name = Base; path = Base.lproj/LaunchScreen.storyboard; sourceTree = "<group>"; };
		04AD14351D4E9D6F00489C7C /* Info.plist */ = {isa = PBXFileReference; lastKnownFileType = text.plist.xml; path = Info.plist; sourceTree = "<group>"; };
		04AD143B1D4EB0C300489C7C /* FirstTableViewController.swift */ = {isa = PBXFileReference; fileEncoding = 4; lastKnownFileType = sourcecode.swift; path = FirstTableViewController.swift; sourceTree = "<group>"; };
		04AD143D1D4EB35F00489C7C /* DetailsViewController.swift */ = {isa = PBXFileReference; fileEncoding = 4; lastKnownFileType = sourcecode.swift; path = DetailsViewController.swift; sourceTree = "<group>"; };
/* End PBXFileReference section */

/* Begin PBXFrameworksBuildPhase section */
		04AD14231D4E9D6E00489C7C /* Frameworks */ = {
			isa = PBXFrameworksBuildPhase;
			buildActionMask = 2147483647;
			files = (
			);
			runOnlyForDeploymentPostprocessing = 0;
		};
/* End PBXFrameworksBuildPhase section */

/* Begin PBXGroup section */
		04AD141D1D4E9D6E00489C7C = {
			isa = PBXGroup;
			children = (
				04AD14281D4E9D6F00489C7C /* First-Table-Lesson */,
				04AD14271D4E9D6F00489C7C /* Products */,
			);
			sourceTree = "<group>";
		};
		04AD14271D4E9D6F00489C7C /* Products */ = {
			isa = PBXGroup;
			children = (
				04AD14261D4E9D6F00489C7C /* First-Table-Lesson.app */,
			);
			name = Products;
			sourceTree = "<group>";
		};
		04AD14281D4E9D6F00489C7C /* First-Table-Lesson */ = {
			isa = PBXGroup;
			children = (
				04AD14291D4E9D6F00489C7C /* AppDelegate.swift */,
				04AD142D1D4E9D6F00489C7C /* Main.storyboard */,
				04AD143D1D4EB35F00489C7C /* DetailsViewController.swift */,
				04AD143B1D4EB0C300489C7C /* FirstTableViewController.swift */,
				04AD14301D4E9D6F00489C7C /* Assets.xcassets */,
				04AD14321D4E9D6F00489C7C /* LaunchScreen.storyboard */,
				04AD14351D4E9D6F00489C7C /* Info.plist */,
			);
			path = "First-Table-Lesson";
			sourceTree = "<group>";
		};
/* End PBXGroup section */

/* Begin PBXNativeTarget section */
		04AD14251D4E9D6E00489C7C /* First-Table-Lesson */ = {
			isa = PBXNativeTarget;
			buildConfigurationList = 04AD14381D4E9D6F00489C7C /* Build configuration list for PBXNativeTarget "First-Table-Lesson" */;
			buildPhases = (
				04AD14221D4E9D6E00489C7C /* Sources */,
				04AD14231D4E9D6E00489C7C /* Frameworks */,
				04AD14241D4E9D6E00489C7C /* Resources */,
			);
			buildRules = (
			);
			dependencies = (
			);
			name = "First-Table-Lesson";
			productName = "First-Table-Lesson";
			productReference = 04AD14261D4E9D6F00489C7C /* First-Table-Lesson.app */;
			productType = "com.apple.product-type.application";
		};
/* End PBXNativeTarget section */

/* Begin PBXProject section */
		04AD141E1D4E9D6E00489C7C /* Project object */ = {
			isa = PBXProject;
			attributes = {
				LastSwiftUpdateCheck = 0730;
				LastUpgradeCheck = 0730;
				ORGANIZATIONNAME = mac;
				TargetAttributes = {
					04AD14251D4E9D6E00489C7C = {
						CreatedOnToolsVersion = 7.3.1;
					};
				};
			};
			buildConfigurationList = 04AD14211D4E9D6E00489C7C /* Build configuration list for PBXProject "First-Table-Lesson" */;
			compatibilityVersion = "Xcode 3.2";
			developmentRegion = English;
			hasScannedForEncodings = 0;
			knownRegions = (
				en,
				Base,
			);
			mainGroup = 04AD141D1D4E9D6E00489C7C;
			productRefGroup = 04AD14271D4E9D6F00489C7C /* Products */;
			projectDirPath = "";
			projectRoot = "";
			targets = (
				04AD14251D4E9D6E00489C7C /* First-Table-Lesson */,
			);
		};
/* End PBXProject section */

/* Begin PBXResourcesBuildPhase section */
		04AD14241D4E9D6E00489C7C /* Resources */ = {
			isa = PBXResourcesBuildPhase;
			buildActionMask = 2147483647;
			files = (
				04AD14341D4E9D6F00489C7C /* LaunchScreen.storyboard in Resources */,
				04AD14311D4E9D6F00489C7C /* Assets.xcassets in Resources */,
				04AD142F1D4E9D6F00489C7C /* Main.storyboard in Resources */,
			);
			runOnlyForDeploymentPostprocessing = 0;
		};
/* End PBXResourcesBuildPhase section */

/* Begin PBXSourcesBuildPhase section */
		04AD14221D4E9D6E00489C7C /* Sources */ = {
			isa = PBXSourcesBuildPhase;
			buildActionMask = 2147483647;
			files = (
				04AD143C1D4EB0C300489C7C /* FirstTableViewController.swift in Sources */,
				04AD142A1D4E9D6F00489C7C /* AppDelegate.swift in Sources */,
				04AD143E1D4EB35F00489C7C /* DetailsViewController.swift in Sources */,
			);
			runOnlyForDeploymentPostprocessing = 0;
		};
/* End PBXSourcesBuildPhase section */

/* Begin PBXVariantGroup section */
		04AD142D1D4E9D6F00489C7C /* Main.storyboard */ = {
			isa = PBXVariantGroup;
			children = (
				04AD142E1D4E9D6F00489C7C /* Base */,
			);
			name = Main.storyboard;
			sourceTree = "<group>";
		};
		04AD14321D4E9D6F00489C7C /* LaunchScreen.storyboard */ = {
			isa = PBXVariantGroup;
			children = (
				04AD14331D4E9D6F00489C7C /* Base */,
			);
			name = LaunchScreen.storyboard;
			sourceTree = "<group>";
		};
/* End PBXVariantGroup section */

/* Begin XCBuildConfiguration section */
		04AD14361D4E9D6F00489C7C /* Debug */ = {
			isa = XCBuildConfiguration;
			buildSettings = {
				ALWAYS_SEARCH_USER_PATHS = NO;
				CLANG_ANALYZER_NONNULL = YES;
				CLANG_CXX_LANGUAGE_STANDARD = "gnu++0x";
				CLANG_CXX_LIBRARY = "libc++";
				CLANG_ENABLE_MODULES = YES;
				CLANG_ENABLE_OBJC_ARC = YES;
				CLANG_WARN_BOOL_CONVERSION = YES;
				CLANG_WARN_CONSTANT_CONVERSION = YES;
				CLANG_WARN_DIRECT_OBJC_ISA_USAGE = YES_ERROR;
				CLANG_WARN_EMPTY_BODY = YES;
				CLANG_WARN_ENUM_CONVERSION = YES;
				CLANG_WARN_INT_CONVERSION = YES;
				CLANG_WARN_OBJC_ROOT_CLASS = YES_ERROR;
				CLANG_WARN_UNREACHABLE_CODE = YES;
				CLANG_WARN__DUPLICATE_METHOD_MATCH = YES;
				"CODE_SIGN_IDENTITY[sdk=iphoneos*]" = "iPhone Developer";
				COPY_PHASE_STRIP = NO;
				DEBUG_INFORMATION_FORMAT = dwarf;
				ENABLE_STRICT_OBJC_MSGSEND = YES;
				ENABLE_TESTABILITY = YES;
				GCC_C_LANGUAGE_STANDARD = gnu99;
				GCC_DYNAMIC_NO_PIC = NO;
				GCC_NO_COMMON_BLOCKS = YES;
				GCC_OPTIMIZATION_LEVEL = 0;
				GCC_PREPROCESSOR_DEFINITIONS = (
					"DEBUG=1",
					"$(inherited)",
				);
				GCC_WARN_64_TO_32_BIT_CONVERSION = YES;
				GCC_WARN_ABOUT_RETURN_TYPE = YES_ERROR;
				GCC_WARN_UNDECLARED_SELECTOR = YES;
				GCC_WARN_UNINITIALIZED_AUTOS = YES_AGGRESSIVE;
				GCC_WARN_UNUSED_FUNCTION = YES;
				GCC_WARN_UNUSED_VARIABLE = YES;
				IPHONEOS_DEPLOYMENT_TARGET = 9.3;
				MTL_ENABLE_DEBUG_INFO = YES;
				ONLY_ACTIVE_ARCH = YES;
				SDKROOT = iphoneos;
				SWIFT_OPTIMIZATION_LEVEL = "-Onone";
			};
			name = Debug;
		};
		04AD14371D4E9D6F00489C7C /* Release */ = {
			isa = XCBuildConfiguration;
			buildSettings = {
				ALWAYS_SEARCH_USER_PATHS = NO;
				CLANG_ANALYZER_NONNULL = YES;
				CLANG_CXX_LANGUAGE_STANDARD = "gnu++0x";
				CLANG_CXX_LIBRARY = "libc++";
				CLANG_ENABLE_MODULES = YES;
				CLANG_ENABLE_OBJC_ARC = YES;
				CLANG_WARN_BOOL_CONVERSION = YES;
				CLANG_WARN_CONSTANT_CONVERSION = YES;
				CLANG_WARN_DIRECT_OBJC_ISA_USAGE = YES_ERROR;
				CLANG_WARN_EMPTY_BODY = YES;
				CLANG_WARN_ENUM_CONVERSION = YES;
				CLANG_WARN_INT_CONVERSION = YES;
				CLANG_WARN_OBJC_ROOT_CLASS = YES_ERROR;
				CLANG_WARN_UNREACHABLE_CODE = YES;
				CLANG_WARN__DUPLICATE_METHOD_MATCH = YES;
				"CODE_SIGN_IDENTITY[sdk=iphoneos*]" = "iPhone Developer";
				COPY_PHASE_STRIP = NO;
				DEBUG_INFORMATION_FORMAT = "dwarf-with-dsym";
				ENABLE_NS_ASSERTIONS = NO;
				ENABLE_STRICT_OBJC_MSGSEND = YES;
				GCC_C_LANGUAGE_STANDARD = gnu99;
				GCC_NO_COMMON_BLOCKS = YES;
				GCC_WARN_64_TO_32_BIT_CONVERSION = YES;
				GCC_WARN_ABOUT_RETURN_TYPE = YES_ERROR;
				GCC_WARN_UNDECLARED_SELECTOR = YES;
				GCC_WARN_UNINITIALIZED_AUTOS = YES_AGGRESSIVE;
				GCC_WARN_UNUSED_FUNCTION = YES;
				GCC_WARN_UNUSED_VARIABLE = YES;
				IPHONEOS_DEPLOYMENT_TARGET = 9.3;
				MTL_ENABLE_DEBUG_INFO = NO;
				SDKROOT = iphoneos;
				VALIDATE_PRODUCT = YES;
			};
			name = Release;
		};
		04AD14391D4E9D6F00489C7C /* Debug */ = {
			isa = XCBuildConfiguration;
			buildSettings = {
				ASSETCATALOG_COMPILER_APPICON_NAME = AppIcon;
				INFOPLIST_FILE = "First-Table-Lesson/Info.plist";
				LD_RUNPATH_SEARCH_PATHS = "$(inherited) @executable_path/Frameworks";
				PRODUCT_BUNDLE_IDENTIFIER = "com.softapplead.MCV.First-Table-Lesson";
				PRODUCT_NAME = "$(TARGET_NAME)";
			};
			name = Debug;
		};
		04AD143A1D4E9D6F00489C7C /* Release */ = {
			isa = XCBuildConfiguration;
			buildSettings = {
				ASSETCATALOG_COMPILER_APPICON_NAME = AppIcon;
				INFOPLIST_FILE = "First-Table-Lesson/Info.plist";
				LD_RUNPATH_SEARCH_PATHS = "$(inherited) @executable_path/Frameworks";
				PRODUCT_BUNDLE_IDENTIFIER = "com.softapplead.MCV.First-Table-Lesson";
				PRODUCT_NAME = "$(TARGET_NAME)";
			};
			name = Release;
		};
/* End XCBuildConfiguration section */

/* Begin XCConfigurationList section */
		04AD14211D4E9D6E00489C7C /* Build configuration list for PBXProject "First-Table-Lesson" */ = {
			isa = XCConfigurationList;
			buildConfigurations = (
				04AD14361D4E9D6F00489C7C /* Debug */,
				04AD14371D4E9D6F00489C7C /* Release */,
			);
			defaultConfigurationIsVisible = 0;
			defaultConfigurationName = Release;
		};
		04AD14381D4E9D6F00489C7C /* Build configuration list for PBXNativeTarget "First-Table-Lesson" */ = {
			isa = XCConfigurationList;
			buildConfigurations = (
				04AD14391D4E9D6F00489C7C /* Debug */,
				04AD143A1D4E9D6F00489C7C /* Release */,
			);
			defaultConfigurationIsVisible = 0;
		};
/* End XCConfigurationList section */
	};
	rootObject = 04AD141E1D4E9D6E00489C7C /* Project object */;
}
